
Microsoft Visual Studio Solution File, Format Version 12.00
# Visual Studio Version 17
VisualStudioVersion = 17.1.32414.318
MinimumVisualStudioVersion = 10.0.40219.1
Project("{9A19103F-16F7-4668-BE54-9A1E7A4F7556}") = "mai", "mai\mai.csproj", "{3D5CDBB3-BA9E-466B-9ADA-EA441A2325CF}"
EndProject
Project("{9A19103F-16F7-4668-BE54-9A1E7A4F7556}") = "maiTests", "maiTests\maiTests.csproj", "{919533F2-EB69-4770-85EA-E0B2252960C7}"
EndProject
Project("{9A19103F-16F7-4668-BE54-9A1E7A4F7556}") = "mai.differentiation", "mai.differentition\mai.differentiation.csproj", "{1D4E6FAD-75C1-44D1-BE55-ACE10E15B1D7}"
EndProject
Project("{9A19103F-16F7-4668-BE54-9A1E7A4F7556}") = "mai.v1", "mai.v1\mai.v1.csproj", "{EF2D08F7-44FB-48E1-BF42-01EAD8704278}"
EndProject
Project("{FAE04EC0-301F-11D3-BF4B-00C04F79EFBC}") = "mm.autograd", "mm.autograd\mm.autograd.csproj", "{E23E520C-44EE-4D06-81C1-3ECDAC4D7900}"
EndProject
Global
	GlobalSection(SolutionConfigurationPlatforms) = preSolution
		Debug|Any CPU = Debug|Any CPU
		Release|Any CPU = Release|Any CPU
	EndGlobalSection
	GlobalSection(ProjectConfigurationPlatforms) = postSolution
		{3D5CDBB3-BA9E-466B-9ADA-EA441A2325CF}.Debug|Any CPU.ActiveCfg = Debug|Any CPU
		{3D5CDBB3-BA9E-466B-9ADA-EA441A2325CF}.Debug|Any CPU.Build.0 = Debug|Any CPU
		{3D5CDBB3-BA9E-466B-9ADA-EA441A2325CF}.Release|Any CPU.ActiveCfg = Release|Any CPU
		{3D5CDBB3-BA9E-466B-9ADA-EA441A2325CF}.Release|Any CPU.Build.0 = Release|Any CPU
		{919533F2-EB69-4770-85EA-E0B2252960C7}.Debug|Any CPU.ActiveCfg = Debug|Any CPU
		{919533F2-EB69-4770-85EA-E0B2252960C7}.Debug|Any CPU.Build.0 = Debug|Any CPU
		{919533F2-EB69-4770-85EA-E0B2252960C7}.Release|Any CPU.ActiveCfg = Release|Any CPU
		{919533F2-EB69-4770-85EA-E0B2252960C7}.Release|Any CPU.Build.0 = Release|Any CPU
		{1D4E6FAD-75C1-44D1-BE55-ACE10E15B1D7}.Debug|Any CPU.ActiveCfg = Debug|Any CPU
		{1D4E6FAD-75C1-44D1-BE55-ACE10E15B1D7}.Debug|Any CPU.Build.0 = Debug|Any CPU
		{1D4E6FAD-75C1-44D1-BE55-ACE10E15B1D7}.Release|Any CPU.ActiveCfg = Release|Any CPU
		{1D4E6FAD-75C1-44D1-BE55-ACE10E15B1D7}.Release|Any CPU.Build.0 = Release|Any CPU
		{EF2D08F7-44FB-48E1-BF42-01EAD8704278}.Debug|Any CPU.ActiveCfg = Debug|Any CPU
		{EF2D08F7-44FB-48E1-BF42-01EAD8704278}.Debug|Any CPU.Build.0 = Debug|Any CPU
		{EF2D08F7-44FB-48E1-BF42-01EAD8704278}.Release|Any CPU.ActiveCfg = Release|Any CPU
		{EF2D08F7-44FB-48E1-BF42-01EAD8704278}.Release|Any CPU.Build.0 = Release|Any CPU
		{E23E520C-44EE-4D06-81C1-3ECDAC4D7900}.Debug|Any CPU.ActiveCfg = Debug|Any CPU
		{E23E520C-44EE-4D06-81C1-3ECDAC4D7900}.Debug|Any CPU.Build.0 = Debug|Any CPU
		{E23E520C-44EE-4D06-81C1-3ECDAC4D7900}.Release|Any CPU.ActiveCfg = Release|Any CPU
		{E23E520C-44EE-4D06-81C1-3ECDAC4D7900}.Release|Any CPU.Build.0 = Release|Any CPU
	EndGlobalSection
	GlobalSection(SolutionProperties) = preSolution
		HideSolutionNode = FALSE
	EndGlobalSection
	GlobalSection(ExtensibilityGlobals) = postSolution
		SolutionGuid = {1666E4C7-2BFB-4E37-8239-BB60F5EE4EBE}
	EndGlobalSection
EndGlobal
